// !$*UTF8*$!
{
	archiveVersion = 1;
	classes = {
	};
	objectVersion = 56;
	objects = {

/* Begin PBXBuildFile section */
		C20096812BD1850700367A71 /* RampCloneApp.swift in Sources */ = {isa = PBXBuildFile; fileRef = C20096802BD1850700367A71 /* RampCloneApp.swift */; };
		C20096832BD1850700367A71 /* MasterView.swift in Sources */ = {isa = PBXBuildFile; fileRef = C20096822BD1850700367A71 /* MasterView.swift */; };
		C20096852BD1850800367A71 /* Assets.xcassets in Resources */ = {isa = PBXBuildFile; fileRef = C20096842BD1850800367A71 /* Assets.xcassets */; };
		C20096942BD1877F00367A71 /* DashboardView.swift in Sources */ = {isa = PBXBuildFile; fileRef = C20096932BD1877F00367A71 /* DashboardView.swift */; };
		C20096982BD187F800367A71 /* Color+Ex.swift in Sources */ = {isa = PBXBuildFile; fileRef = C20096972BD187F800367A71 /* Color+Ex.swift */; };
		C200969A2BD188E800367A71 /* ServiceContainer.swift in Sources */ = {isa = PBXBuildFile; fileRef = C20096992BD188E800367A71 /* ServiceContainer.swift */; };
		C200969E2BD1895300367A71 /* AppDelegate.swift in Sources */ = {isa = PBXBuildFile; fileRef = C200969D2BD1895300367A71 /* AppDelegate.swift */; };
		C20096A02BD189E200367A71 /* AuthService.swift in Sources */ = {isa = PBXBuildFile; fileRef = C200969F2BD189E200367A71 /* AuthService.swift */; };
		C20096A32BD189FF00367A71 /* Network.swift in Sources */ = {isa = PBXBuildFile; fileRef = C20096A22BD189FF00367A71 /* Network.swift */; };
		C20096A62BD18A3000367A71 /* MockAPI.swift in Sources */ = {isa = PBXBuildFile; fileRef = C20096A52BD18A3000367A71 /* MockAPI.swift */; };
/* End PBXBuildFile section */

/* Begin PBXFileReference section */
		C200967D2BD1850700367A71 /* RampClone.app */ = {isa = PBXFileReference; explicitFileType = wrapper.application; includeInIndex = 0; path = RampClone.app; sourceTree = BUILT_PRODUCTS_DIR; };
		C20096802BD1850700367A71 /* RampCloneApp.swift */ = {isa = PBXFileReference; lastKnownFileType = sourcecode.swift; path = RampCloneApp.swift; sourceTree = "<group>"; };
		C20096822BD1850700367A71 /* MasterView.swift */ = {isa = PBXFileReference; lastKnownFileType = sourcecode.swift; path = MasterView.swift; sourceTree = "<group>"; };
		C20096842BD1850800367A71 /* Assets.xcassets */ = {isa = PBXFileReference; lastKnownFileType = folder.assetcatalog; path = Assets.xcassets; sourceTree = "<group>"; };
		C20096862BD1850800367A71 /* RampClone.entitlements */ = {isa = PBXFileReference; lastKnownFileType = text.plist.entitlements; path = RampClone.entitlements; sourceTree = "<group>"; };
		C20096932BD1877F00367A71 /* DashboardView.swift */ = {isa = PBXFileReference; lastKnownFileType = sourcecode.swift; path = DashboardView.swift; sourceTree = "<group>"; };
		C20096972BD187F800367A71 /* Color+Ex.swift */ = {isa = PBXFileReference; lastKnownFileType = sourcecode.swift; path = "Color+Ex.swift"; sourceTree = "<group>"; };
		C20096992BD188E800367A71 /* ServiceContainer.swift */ = {isa = PBXFileReference; lastKnownFileType = sourcecode.swift; path = ServiceContainer.swift; sourceTree = "<group>"; };
		C200969D2BD1895300367A71 /* AppDelegate.swift */ = {isa = PBXFileReference; lastKnownFileType = sourcecode.swift; path = AppDelegate.swift; sourceTree = "<group>"; };
		C200969F2BD189E200367A71 /* AuthService.swift */ = {isa = PBXFileReference; lastKnownFileType = sourcecode.swift; path = AuthService.swift; sourceTree = "<group>"; };
		C20096A22BD189FF00367A71 /* Network.swift */ = {isa = PBXFileReference; lastKnownFileType = sourcecode.swift; path = Network.swift; sourceTree = "<group>"; };
		C20096A52BD18A3000367A71 /* MockAPI.swift */ = {isa = PBXFileReference; lastKnownFileType = sourcecode.swift; path = MockAPI.swift; sourceTree = "<group>"; };
/* End PBXFileReference section */

/* Begin PBXFrameworksBuildPhase section */
		C200967A2BD1850700367A71 /* Frameworks */ = {
			isa = PBXFrameworksBuildPhase;
			buildActionMask = 2147483647;
			files = (
			);
			runOnlyForDeploymentPostprocessing = 0;
		};
/* End PBXFrameworksBuildPhase section */

/* Begin PBXGroup section */
		C20096742BD1850700367A71 = {
			isa = PBXGroup;
			children = (
				C200967F2BD1850700367A71 /* RampClone */,
				C200967E2BD1850700367A71 /* Products */,
			);
			sourceTree = "<group>";
		};
		C200967E2BD1850700367A71 /* Products */ = {
			isa = PBXGroup;
			children = (
				C200967D2BD1850700367A71 /* RampClone.app */,
			);
			name = Products;
			sourceTree = "<group>";
		};
		C200967F2BD1850700367A71 /* RampClone */ = {
			isa = PBXGroup;
			children = (
				C200968F2BD1852500367A71 /* App */,
				C20096902BD1852800367A71 /* Assets */,
				C20096912BD1854800367A71 /* Config */,
				C20096922BD1877300367A71 /* Dashboard */,
				C20096A12BD189F300367A71 /* Network */,
				C20096952BD187D900367A71 /* Services */,
				C20096962BD187ED00367A71 /* Utils */,
			);
			path = RampClone;
			sourceTree = "<group>";
		};
		C200968F2BD1852500367A71 /* App */ = {
			isa = PBXGroup;
			children = (
				C20096802BD1850700367A71 /* RampCloneApp.swift */,
				C20096822BD1850700367A71 /* MasterView.swift */,
				C200969D2BD1895300367A71 /* AppDelegate.swift */,
			);
			path = App;
			sourceTree = "<group>";
		};
		C20096902BD1852800367A71 /* Assets */ = {
			isa = PBXGroup;
			children = (
				C20096842BD1850800367A71 /* Assets.xcassets */,
			);
			path = Assets;
			sourceTree = "<group>";
		};
		C20096912BD1854800367A71 /* Config */ = {
			isa = PBXGroup;
			children = (
				C20096862BD1850800367A71 /* RampClone.entitlements */,
			);
			path = Config;
			sourceTree = "<group>";
		};
		C20096922BD1877300367A71 /* Dashboard */ = {
			isa = PBXGroup;
			children = (
				C200969B2BD188FB00367A71 /* Views */,
				C200969C2BD1890000367A71 /* ViewModels */,
			);
			path = Dashboard;
			sourceTree = "<group>";
		};
		C20096952BD187D900367A71 /* Services */ = {
			isa = PBXGroup;
			children = (
				C20096992BD188E800367A71 /* ServiceContainer.swift */,
				C200969F2BD189E200367A71 /* AuthService.swift */,
			);
			path = Services;
			sourceTree = "<group>";
		};
		C20096962BD187ED00367A71 /* Utils */ = {
			isa = PBXGroup;
			children = (
				C20096972BD187F800367A71 /* Color+Ex.swift */,
			);
			path = Utils;
			sourceTree = "<group>";
		};
		C200969B2BD188FB00367A71 /* Views */ = {
			isa = PBXGroup;
			children = (
				C20096932BD1877F00367A71 /* DashboardView.swift */,
			);
			path = Views;
			sourceTree = "<group>";
		};
		C200969C2BD1890000367A71 /* ViewModels */ = {
			isa = PBXGroup;
			children = (
			);
			path = ViewModels;
			sourceTree = "<group>";
		};
		C20096A12BD189F300367A71 /* Network */ = {
			isa = PBXGroup;
			children = (
				C20096A22BD189FF00367A71 /* Network.swift */,
				C20096A42BD18A2000367A71 /* MockAPI */,
			);
			path = Network;
			sourceTree = "<group>";
		};
		C20096A42BD18A2000367A71 /* MockAPI */ = {
			isa = PBXGroup;
			children = (
				C20096A52BD18A3000367A71 /* MockAPI.swift */,
			);
			path = MockAPI;
			sourceTree = "<group>";
		};
/* End PBXGroup section */

/* Begin PBXNativeTarget section */
		C200967C2BD1850700367A71 /* RampClone */ = {
			isa = PBXNativeTarget;
			buildConfigurationList = C200968C2BD1850800367A71 /* Build configuration list for PBXNativeTarget "RampClone" */;
			buildPhases = (
				C20096792BD1850700367A71 /* Sources */,
				C200967A2BD1850700367A71 /* Frameworks */,
				C200967B2BD1850700367A71 /* Resources */,
			);
			buildRules = (
			);
			dependencies = (
			);
			name = RampClone;
			productName = RampClone;
			productReference = C200967D2BD1850700367A71 /* RampClone.app */;
			productType = "com.apple.product-type.application";
		};
/* End PBXNativeTarget section */

/* Begin PBXProject section */
		C20096752BD1850700367A71 /* Project object */ = {
			isa = PBXProject;
			attributes = {
				BuildIndependentTargetsInParallel = 1;
				LastSwiftUpdateCheck = 1520;
				LastUpgradeCheck = 1520;
				TargetAttributes = {
					C200967C2BD1850700367A71 = {
						CreatedOnToolsVersion = 15.2;
					};
				};
			};
			buildConfigurationList = C20096782BD1850700367A71 /* Build configuration list for PBXProject "RampClone" */;
			compatibilityVersion = "Xcode 14.0";
			developmentRegion = en;
			hasScannedForEncodings = 0;
			knownRegions = (
				en,
				Base,
			);
			mainGroup = C20096742BD1850700367A71;
			productRefGroup = C200967E2BD1850700367A71 /* Products */;
			projectDirPath = "";
			projectRoot = "";
			targets = (
				C200967C2BD1850700367A71 /* RampClone */,
			);
		};
/* End PBXProject section */

/* Begin PBXResourcesBuildPhase section */
		C200967B2BD1850700367A71 /* Resources */ = {
			isa = PBXResourcesBuildPhase;
			buildActionMask = 2147483647;
			files = (
				C20096852BD1850800367A71 /* Assets.xcassets in Resources */,
			);
			runOnlyForDeploymentPostprocessing = 0;
		};
/* End PBXResourcesBuildPhase section */

/* Begin PBXSourcesBuildPhase section */
		C20096792BD1850700367A71 /* Sources */ = {
			isa = PBXSourcesBuildPhase;
			buildActionMask = 2147483647;
			files = (
				C200969E2BD1895300367A71 /* AppDelegate.swift in Sources */,
				C20096982BD187F800367A71 /* Color+Ex.swift in Sources */,
				C20096A32BD189FF00367A71 /* Network.swift in Sources */,
				C20096832BD1850700367A71 /* MasterView.swift in Sources */,
				C20096A62BD18A3000367A71 /* MockAPI.swift in Sources */,
				C20096942BD1877F00367A71 /* DashboardView.swift in Sources */,
				C20096812BD1850700367A71 /* RampCloneApp.swift in Sources */,
				C200969A2BD188E800367A71 /* ServiceContainer.swift in Sources */,
				C20096A02BD189E200367A71 /* AuthService.swift in Sources */,
			);
			runOnlyForDeploymentPostprocessing = 0;
		};
/* End PBXSourcesBuildPhase section */

/* Begin XCBuildConfiguration section */
		C200968A2BD1850800367A71 /* Debug */ = {
			isa = XCBuildConfiguration;
			buildSettings = {
				ALWAYS_SEARCH_USER_PATHS = NO;
				ASSETCATALOG_COMPILER_GENERATE_SWIFT_ASSET_SYMBOL_EXTENSIONS = YES;
				CLANG_ANALYZER_NONNULL = YES;
				CLANG_ANALYZER_NUMBER_OBJECT_CONVERSION = YES_AGGRESSIVE;
				CLANG_CXX_LANGUAGE_STANDARD = "gnu++20";
				CLANG_ENABLE_MODULES = YES;
				CLANG_ENABLE_OBJC_ARC = YES;
				CLANG_ENABLE_OBJC_WEAK = YES;
				CLANG_WARN_BLOCK_CAPTURE_AUTORELEASING = YES;
				CLANG_WARN_BOOL_CONVERSION = YES;
				CLANG_WARN_COMMA = YES;
				CLANG_WARN_CONSTANT_CONVERSION = YES;
				CLANG_WARN_DEPRECATED_OBJC_IMPLEMENTATIONS = YES;
				CLANG_WARN_DIRECT_OBJC_ISA_USAGE = YES_ERROR;
				CLANG_WARN_DOCUMENTATION_COMMENTS = YES;
				CLANG_WARN_EMPTY_BODY = YES;
				CLANG_WARN_ENUM_CONVERSION = YES;
				CLANG_WARN_INFINITE_RECURSION = YES;
				CLANG_WARN_INT_CONVERSION = YES;
				CLANG_WARN_NON_LITERAL_NULL_CONVERSION = YES;
				CLANG_WARN_OBJC_IMPLICIT_RETAIN_SELF = YES;
				CLANG_WARN_OBJC_LITERAL_CONVERSION = YES;
				CLANG_WARN_OBJC_ROOT_CLASS = YES_ERROR;
				CLANG_WARN_QUOTED_INCLUDE_IN_FRAMEWORK_HEADER = YES;
				CLANG_WARN_RANGE_LOOP_ANALYSIS = YES;
				CLANG_WARN_STRICT_PROTOTYPES = YES;
				CLANG_WARN_SUSPICIOUS_MOVE = YES;
				CLANG_WARN_UNGUARDED_AVAILABILITY = YES_AGGRESSIVE;
				CLANG_WARN_UNREACHABLE_CODE = YES;
				CLANG_WARN__DUPLICATE_METHOD_MATCH = YES;
				COPY_PHASE_STRIP = NO;
				DEBUG_INFORMATION_FORMAT = dwarf;
				ENABLE_STRICT_OBJC_MSGSEND = YES;
				ENABLE_TESTABILITY = YES;
				ENABLE_USER_SCRIPT_SANDBOXING = YES;
				GCC_C_LANGUAGE_STANDARD = gnu17;
				GCC_DYNAMIC_NO_PIC = NO;
				GCC_NO_COMMON_BLOCKS = YES;
				GCC_OPTIMIZATION_LEVEL = 0;
				GCC_PREPROCESSOR_DEFINITIONS = (
					"DEBUG=1",
					"$(inherited)",
				);
				GCC_WARN_64_TO_32_BIT_CONVERSION = YES;
				GCC_WARN_ABOUT_RETURN_TYPE = YES_ERROR;
				GCC_WARN_UNDECLARED_SELECTOR = YES;
				GCC_WARN_UNINITIALIZED_AUTOS = YES_AGGRESSIVE;
				GCC_WARN_UNUSED_FUNCTION = YES;
				GCC_WARN_UNUSED_VARIABLE = YES;
				LOCALIZATION_PREFERS_STRING_CATALOGS = YES;
				MTL_ENABLE_DEBUG_INFO = INCLUDE_SOURCE;
				MTL_FAST_MATH = YES;
				ONLY_ACTIVE_ARCH = YES;
				SWIFT_ACTIVE_COMPILATION_CONDITIONS = "DEBUG $(inherited)";
				SWIFT_OPTIMIZATION_LEVEL = "-Onone";
			};
			name = Debug;
		};
		C200968B2BD1850800367A71 /* Release */ = {
			isa = XCBuildConfiguration;
			buildSettings = {
				ALWAYS_SEARCH_USER_PATHS = NO;
				ASSETCATALOG_COMPILER_GENERATE_SWIFT_ASSET_SYMBOL_EXTENSIONS = YES;
				CLANG_ANALYZER_NONNULL = YES;
				CLANG_ANALYZER_NUMBER_OBJECT_CONVERSION = YES_AGGRESSIVE;
				CLANG_CXX_LANGUAGE_STANDARD = "gnu++20";
				CLANG_ENABLE_MODULES = YES;
				CLANG_ENABLE_OBJC_ARC = YES;
				CLANG_ENABLE_OBJC_WEAK = YES;
				CLANG_WARN_BLOCK_CAPTURE_AUTORELEASING = YES;
				CLANG_WARN_BOOL_CONVERSION = YES;
				CLANG_WARN_COMMA = YES;
				CLANG_WARN_CONSTANT_CONVERSION = YES;
				CLANG_WARN_DEPRECATED_OBJC_IMPLEMENTATIONS = YES;
				CLANG_WARN_DIRECT_OBJC_ISA_USAGE = YES_ERROR;
				CLANG_WARN_DOCUMENTATION_COMMENTS = YES;
				CLANG_WARN_EMPTY_BODY = YES;
				CLANG_WARN_ENUM_CONVERSION = YES;
				CLANG_WARN_INFINITE_RECURSION = YES;
				CLANG_WARN_INT_CONVERSION = YES;
				CLANG_WARN_NON_LITERAL_NULL_CONVERSION = YES;
				CLANG_WARN_OBJC_IMPLICIT_RETAIN_SELF = YES;
				CLANG_WARN_OBJC_LITERAL_CONVERSION = YES;
				CLANG_WARN_OBJC_ROOT_CLASS = YES_ERROR;
				CLANG_WARN_QUOTED_INCLUDE_IN_FRAMEWORK_HEADER = YES;
				CLANG_WARN_RANGE_LOOP_ANALYSIS = YES;
				CLANG_WARN_STRICT_PROTOTYPES = YES;
				CLANG_WARN_SUSPICIOUS_MOVE = YES;
				CLANG_WARN_UNGUARDED_AVAILABILITY = YES_AGGRESSIVE;
				CLANG_WARN_UNREACHABLE_CODE = YES;
				CLANG_WARN__DUPLICATE_METHOD_MATCH = YES;
				COPY_PHASE_STRIP = NO;
				DEBUG_INFORMATION_FORMAT = "dwarf-with-dsym";
				ENABLE_NS_ASSERTIONS = NO;
				ENABLE_STRICT_OBJC_MSGSEND = YES;
				ENABLE_USER_SCRIPT_SANDBOXING = YES;
				GCC_C_LANGUAGE_STANDARD = gnu17;
				GCC_NO_COMMON_BLOCKS = YES;
				GCC_WARN_64_TO_32_BIT_CONVERSION = YES;
				GCC_WARN_ABOUT_RETURN_TYPE = YES_ERROR;
				GCC_WARN_UNDECLARED_SELECTOR = YES;
				GCC_WARN_UNINITIALIZED_AUTOS = YES_AGGRESSIVE;
				GCC_WARN_UNUSED_FUNCTION = YES;
				GCC_WARN_UNUSED_VARIABLE = YES;
				LOCALIZATION_PREFERS_STRING_CATALOGS = YES;
				MTL_ENABLE_DEBUG_INFO = NO;
				MTL_FAST_MATH = YES;
				SWIFT_COMPILATION_MODE = wholemodule;
			};
			name = Release;
		};
		C200968D2BD1850800367A71 /* Debug */ = {
			isa = XCBuildConfiguration;
			buildSettings = {
				ASSETCATALOG_COMPILER_APPICON_NAME = AppIcon;
				ASSETCATALOG_COMPILER_GLOBAL_ACCENT_COLOR_NAME = AccentColor;
				CODE_SIGN_ENTITLEMENTS = RampClone/Config/RampClone.entitlements;
				CODE_SIGN_STYLE = Automatic;
				CURRENT_PROJECT_VERSION = 1;
				DEVELOPMENT_ASSET_PATHS = "";
				DEVELOPMENT_TEAM = WF6F5UBRBL;
				ENABLE_HARDENED_RUNTIME = YES;
				ENABLE_PREVIEWS = YES;
				GENERATE_INFOPLIST_FILE = YES;
				"INFOPLIST_KEY_UIApplicationSceneManifest_Generation[sdk=iphoneos*]" = YES;
				"INFOPLIST_KEY_UIApplicationSceneManifest_Generation[sdk=iphonesimulator*]" = YES;
				"INFOPLIST_KEY_UIApplicationSupportsIndirectInputEvents[sdk=iphoneos*]" = YES;
				"INFOPLIST_KEY_UIApplicationSupportsIndirectInputEvents[sdk=iphonesimulator*]" = YES;
				"INFOPLIST_KEY_UILaunchScreen_Generation[sdk=iphoneos*]" = YES;
				"INFOPLIST_KEY_UILaunchScreen_Generation[sdk=iphonesimulator*]" = YES;
				"INFOPLIST_KEY_UIStatusBarStyle[sdk=iphoneos*]" = UIStatusBarStyleDefault;
				"INFOPLIST_KEY_UIStatusBarStyle[sdk=iphonesimulator*]" = UIStatusBarStyleDefault;
				INFOPLIST_KEY_UISupportedInterfaceOrientations = UIInterfaceOrientationPortrait;
				INFOPLIST_KEY_UISupportedInterfaceOrientations_iPad = "UIInterfaceOrientationLandscapeLeft UIInterfaceOrientationLandscapeRight UIInterfaceOrientationPortrait UIInterfaceOrientationPortraitUpsideDown";
				IPHONEOS_DEPLOYMENT_TARGET = 17.0;
				LD_RUNPATH_SEARCH_PATHS = "@executable_path/Frameworks";
				"LD_RUNPATH_SEARCH_PATHS[sdk=macosx*]" = "@executable_path/../Frameworks";
				MACOSX_DEPLOYMENT_TARGET = 14.2;
				MARKETING_VERSION = 1.0;
				PRODUCT_BUNDLE_IDENTIFIER = com.100ideaz.RampClone;
				PRODUCT_NAME = "$(TARGET_NAME)";
				SDKROOT = auto;
				SUPPORTED_PLATFORMS = "iphoneos iphonesimulator";
				SUPPORTS_MACCATALYST = NO;
				SWIFT_EMIT_LOC_STRINGS = YES;
				SWIFT_VERSION = 5.0;
				TARGETED_DEVICE_FAMILY = 1;
			};
			name = Debug;
		};
		C200968E2BD1850800367A71 /* Release */ = {
			isa = XCBuildConfiguration;
			buildSettings = {
				ASSETCATALOG_COMPILER_APPICON_NAME = AppIcon;
				ASSETCATALOG_COMPILER_GLOBAL_ACCENT_COLOR_NAME = AccentColor;
				CODE_SIGN_ENTITLEMENTS = RampClone/Config/RampClone.entitlements;
				CODE_SIGN_STYLE = Automatic;
				CURRENT_PROJECT_VERSION = 1;
				DEVELOPMENT_ASSET_PATHS = "";
				DEVELOPMENT_TEAM = WF6F5UBRBL;
				ENABLE_HARDENED_RUNTIME = YES;
				ENABLE_PREVIEWS = YES;
				GENERATE_INFOPLIST_FILE = YES;
				"INFOPLIST_KEY_UIApplicationSceneManifest_Generation[sdk=iphoneos*]" = YES;
				"INFOPLIST_KEY_UIApplicationSceneManifest_Generation[sdk=iphonesimulator*]" = YES;
				"INFOPLIST_KEY_UIApplicationSupportsIndirectInputEvents[sdk=iphoneos*]" = YES;
				"INFOPLIST_KEY_UIApplicationSupportsIndirectInputEvents[sdk=iphonesimulator*]" = YES;
				"INFOPLIST_KEY_UILaunchScreen_Generation[sdk=iphoneos*]" = YES;
				"INFOPLIST_KEY_UILaunchScreen_Generation[sdk=iphonesimulator*]" = YES;
				"INFOPLIST_KEY_UIStatusBarStyle[sdk=iphoneos*]" = UIStatusBarStyleDefault;
				"INFOPLIST_KEY_UIStatusBarStyle[sdk=iphonesimulator*]" = UIStatusBarStyleDefault;
				INFOPLIST_KEY_UISupportedInterfaceOrientations = UIInterfaceOrientationPortrait;
				INFOPLIST_KEY_UISupportedInterfaceOrientations_iPad = "UIInterfaceOrientationLandscapeLeft UIInterfaceOrientationLandscapeRight UIInterfaceOrientationPortrait UIInterfaceOrientationPortraitUpsideDown";
				IPHONEOS_DEPLOYMENT_TARGET = 17.0;
				LD_RUNPATH_SEARCH_PATHS = "@executable_path/Frameworks";
				"LD_RUNPATH_SEARCH_PATHS[sdk=macosx*]" = "@executable_path/../Frameworks";
				MACOSX_DEPLOYMENT_TARGET = 14.2;
				MARKETING_VERSION = 1.0;
				PRODUCT_BUNDLE_IDENTIFIER = com.100ideaz.RampClone;
				PRODUCT_NAME = "$(TARGET_NAME)";
				SDKROOT = auto;
				SUPPORTED_PLATFORMS = "iphoneos iphonesimulator";
				SUPPORTS_MACCATALYST = NO;
				SWIFT_EMIT_LOC_STRINGS = YES;
				SWIFT_VERSION = 5.0;
				TARGETED_DEVICE_FAMILY = 1;
			};
			name = Release;
		};
/* End XCBuildConfiguration section */

/* Begin XCConfigurationList section */
		C20096782BD1850700367A71 /* Build configuration list for PBXProject "RampClone" */ = {
			isa = XCConfigurationList;
			buildConfigurations = (
				C200968A2BD1850800367A71 /* Debug */,
				C200968B2BD1850800367A71 /* Release */,
			);
			defaultConfigurationIsVisible = 0;
			defaultConfigurationName = Release;
		};
		C200968C2BD1850800367A71 /* Build configuration list for PBXNativeTarget "RampClone" */ = {
			isa = XCConfigurationList;
			buildConfigurations = (
				C200968D2BD1850800367A71 /* Debug */,
				C200968E2BD1850800367A71 /* Release */,
			);
			defaultConfigurationIsVisible = 0;
			defaultConfigurationName = Release;
		};
/* End XCConfigurationList section */
	};
	rootObject = C20096752BD1850700367A71 /* Project object */;
}
